
Microsoft Visual Studio Solution File, Format Version 12.00
# Visual Studio 15
VisualStudioVersion = 15.0.28307.779
MinimumVisualStudioVersion = 10.0.40219.1
Project("{FAE04EC0-301F-11D3-BF4B-00C04F79EFBC}") = "EcommerceHouse", "EcommerceHouse\EcommerceHouse.csproj", "{C9D7C00A-7181-473D-80A2-B68F6452CC63}"
EndProject
Global
	GlobalSection(SolutionConfigurationPlatforms) = preSolution
		Debug|Any CPU = Debug|Any CPU
		Release|Any CPU = Release|Any CPU
	EndGlobalSection
	GlobalSection(ProjectConfigurationPlatforms) = postSolution
		{C9D7C00A-7181-473D-80A2-B68F6452CC63}.Debug|Any CPU.ActiveCfg = Debug|Any CPU
		{C9D7C00A-7181-473D-80A2-B68F6452CC63}.Debug|Any CPU.Build.0 = Debug|Any CPU
		{C9D7C00A-7181-473D-80A2-B68F6452CC63}.Release|Any CPU.ActiveCfg = Release|Any CPU
		{C9D7C00A-7181-473D-80A2-B68F6452CC63}.Release|Any CPU.Build.0 = Release|Any CPU
	EndGlobalSection
	GlobalSection(SolutionProperties) = preSolution
		HideSolutionNode = FALSE
	EndGlobalSection
	GlobalSection(ExtensibilityGlobals) = postSolution
		SolutionGuid = {8B19A3C0-3D0E-49E8-8C0B-13889FB90CE3}
	EndGlobalSection
EndGlobal
